
Microsoft Visual Studio Solution File, Format Version 12.00
# Visual Studio Version 17
VisualStudioVersion = 17.9.34714.143
MinimumVisualStudioVersion = 10.0.40219.1
Project("{888888A0-9F3D-457C-B088-3A5042F75D52}") = "6-9-2024 Excel Analysier", "6-9-2024 Excel Analysier.pyproj", "{D50193DE-E8A1-4FD5-8D31-ABC387091ACE}"
EndProject
Global
	GlobalSection(SolutionConfigurationPlatforms) = preSolution
		Debug|Any CPU = Debug|Any CPU
		Release|Any CPU = Release|Any CPU
	EndGlobalSection
	GlobalSection(ProjectConfigurationPlatforms) = postSolution
		{D50193DE-E8A1-4FD5-8D31-ABC387091ACE}.Debug|Any CPU.ActiveCfg = Debug|Any CPU
		{D50193DE-E8A1-4FD5-8D31-ABC387091ACE}.Debug|Any CPU.Build.0 = Debug|Any CPU
		{D50193DE-E8A1-4FD5-8D31-ABC387091ACE}.Release|Any CPU.ActiveCfg = Release|Any CPU
		{D50193DE-E8A1-4FD5-8D31-ABC387091ACE}.Release|Any CPU.Build.0 = Release|Any CPU
	EndGlobalSection
	GlobalSection(SolutionProperties) = preSolution
		HideSolutionNode = FALSE
	EndGlobalSection
	GlobalSection(ExtensibilityGlobals) = postSolution
		SolutionGuid = {85225D62-D1AB-48D4-AA85-28E246851D63}
	EndGlobalSection
EndGlobal
